// !$*UTF8*$!
{
	archiveVersion = 1;
	classes = {
	};
	objectVersion = 50;
	objects = {

/* Begin PBXBuildFile section */
		377F3D9525B2134F002AB351 /* Delm.otf in Resources */ = {isa = PBXBuildFile; fileRef = 377F3D9425B2134F002AB351 /* Delm.otf */; };
		377F3D9825B21358002AB351 /* Thirsty.otf in Resources */ = {isa = PBXBuildFile; fileRef = 377F3D9725B21358002AB351 /* Thirsty.otf */; };
		37B5241B25B1F7E2007A7361 /* AppDelegate.swift in Sources */ = {isa = PBXBuildFile; fileRef = 37B5241A25B1F7E2007A7361 /* AppDelegate.swift */; };
		37B5241D25B1F7E2007A7361 /* SceneDelegate.swift in Sources */ = {isa = PBXBuildFile; fileRef = 37B5241C25B1F7E2007A7361 /* SceneDelegate.swift */; };
		37B5241F25B1F7E2007A7361 /* GridViewController.swift in Sources */ = {isa = PBXBuildFile; fileRef = 37B5241E25B1F7E2007A7361 /* GridViewController.swift */; };
		37B5242225B1F7E2007A7361 /* Main.storyboard in Resources */ = {isa = PBXBuildFile; fileRef = 37B5242025B1F7E2007A7361 /* Main.storyboard */; };
		37B5242425B1F7E2007A7361 /* Assets.xcassets in Resources */ = {isa = PBXBuildFile; fileRef = 37B5242325B1F7E2007A7361 /* Assets.xcassets */; };
		37B5242725B1F7E2007A7361 /* LaunchScreen.storyboard in Resources */ = {isa = PBXBuildFile; fileRef = 37B5242525B1F7E2007A7361 /* LaunchScreen.storyboard */; };
/* End PBXBuildFile section */

/* Begin PBXFileReference section */
		377F3D9425B2134F002AB351 /* Delm.otf */ = {isa = PBXFileReference; lastKnownFileType = file; name = Delm.otf; path = ../../../Ressources/exports/Fonts/Delm.otf; sourceTree = "<group>"; };
		377F3D9725B21358002AB351 /* Thirsty.otf */ = {isa = PBXFileReference; lastKnownFileType = file; name = Thirsty.otf; path = ../../../Ressources/exports/Fonts/Thirsty.otf; sourceTree = "<group>"; };
		37B5241725B1F7E2007A7361 /* Instagrid.app */ = {isa = PBXFileReference; explicitFileType = wrapper.application; includeInIndex = 0; path = Instagrid.app; sourceTree = BUILT_PRODUCTS_DIR; };
		37B5241A25B1F7E2007A7361 /* AppDelegate.swift */ = {isa = PBXFileReference; lastKnownFileType = sourcecode.swift; path = AppDelegate.swift; sourceTree = "<group>"; };
		37B5241C25B1F7E2007A7361 /* SceneDelegate.swift */ = {isa = PBXFileReference; lastKnownFileType = sourcecode.swift; path = SceneDelegate.swift; sourceTree = "<group>"; };
		37B5241E25B1F7E2007A7361 /* GridViewController.swift */ = {isa = PBXFileReference; lastKnownFileType = sourcecode.swift; path = GridViewController.swift; sourceTree = "<group>"; };
		37B5242125B1F7E2007A7361 /* Base */ = {isa = PBXFileReference; lastKnownFileType = file.storyboard; name = Base; path = Base.lproj/Main.storyboard; sourceTree = "<group>"; };
		37B5242325B1F7E2007A7361 /* Assets.xcassets */ = {isa = PBXFileReference; lastKnownFileType = folder.assetcatalog; path = Assets.xcassets; sourceTree = "<group>"; };
		37B5242625B1F7E2007A7361 /* Base */ = {isa = PBXFileReference; lastKnownFileType = file.storyboard; name = Base; path = Base.lproj/LaunchScreen.storyboard; sourceTree = "<group>"; };
		37B5242825B1F7E2007A7361 /* Info.plist */ = {isa = PBXFileReference; lastKnownFileType = text.plist.xml; path = Info.plist; sourceTree = "<group>"; };
/* End PBXFileReference section */

/* Begin PBXFrameworksBuildPhase section */
		37B5241425B1F7E2007A7361 /* Frameworks */ = {
			isa = PBXFrameworksBuildPhase;
			buildActionMask = 2147483647;
			files = (
			);
			runOnlyForDeploymentPostprocessing = 0;
		};
/* End PBXFrameworksBuildPhase section */

/* Begin PBXGroup section */
		37B5240E25B1F7E2007A7361 = {
			isa = PBXGroup;
			children = (
				37B5241925B1F7E2007A7361 /* Instagrid */,
				37B5241825B1F7E2007A7361 /* Products */,
			);
			sourceTree = "<group>";
		};
		37B5241825B1F7E2007A7361 /* Products */ = {
			isa = PBXGroup;
			children = (
				37B5241725B1F7E2007A7361 /* Instagrid.app */,
			);
			name = Products;
			sourceTree = "<group>";
		};
		37B5241925B1F7E2007A7361 /* Instagrid */ = {
			isa = PBXGroup;
			children = (
				37B5242825B1F7E2007A7361 /* Info.plist */,
				37B5243425B1FD7C007A7361 /* Supporting Files */,
				37B5243125B1FD05007A7361 /* Model */,
				37B5243225B1FD0D007A7361 /* View */,
				37B5243325B1FD12007A7361 /* Controller */,
			);
			path = Instagrid;
			sourceTree = "<group>";
		};
		37B5243125B1FD05007A7361 /* Model */ = {
			isa = PBXGroup;
			children = (
			);
			path = Model;
			sourceTree = "<group>";
		};
		37B5243225B1FD0D007A7361 /* View */ = {
			isa = PBXGroup;
			children = (
				37B5242025B1F7E2007A7361 /* Main.storyboard */,
				37B5242525B1F7E2007A7361 /* LaunchScreen.storyboard */,
			);
			path = View;
			sourceTree = "<group>";
		};
		37B5243325B1FD12007A7361 /* Controller */ = {
			isa = PBXGroup;
			children = (
				37B5241E25B1F7E2007A7361 /* GridViewController.swift */,
			);
			path = Controller;
			sourceTree = "<group>";
		};
		37B5243425B1FD7C007A7361 /* Supporting Files */ = {
			isa = PBXGroup;
			children = (
				37B5241A25B1F7E2007A7361 /* AppDelegate.swift */,
				37B5241C25B1F7E2007A7361 /* SceneDelegate.swift */,
				37B5242325B1F7E2007A7361 /* Assets.xcassets */,
				377F3D9425B2134F002AB351 /* Delm.otf */,
				377F3D9725B21358002AB351 /* Thirsty.otf */,
			);
			path = "Supporting Files";
			sourceTree = "<group>";
		};
/* End PBXGroup section */

/* Begin PBXNativeTarget section */
		37B5241625B1F7E2007A7361 /* Instagrid */ = {
			isa = PBXNativeTarget;
			buildConfigurationList = 37B5242B25B1F7E2007A7361 /* Build configuration list for PBXNativeTarget "Instagrid" */;
			buildPhases = (
				37B5241325B1F7E2007A7361 /* Sources */,
				37B5241425B1F7E2007A7361 /* Frameworks */,
				37B5241525B1F7E2007A7361 /* Resources */,
			);
			buildRules = (
			);
			dependencies = (
			);
			name = Instagrid;
			productName = Instagrid;
			productReference = 37B5241725B1F7E2007A7361 /* Instagrid.app */;
			productType = "com.apple.product-type.application";
		};
/* End PBXNativeTarget section */

/* Begin PBXProject section */
		37B5240F25B1F7E2007A7361 /* Project object */ = {
			isa = PBXProject;
			attributes = {
				LastSwiftUpdateCheck = 1230;
				LastUpgradeCheck = 1240;
				TargetAttributes = {
					37B5241625B1F7E2007A7361 = {
						CreatedOnToolsVersion = 12.3;
					};
				};
			};
			buildConfigurationList = 37B5241225B1F7E2007A7361 /* Build configuration list for PBXProject "Instagrid" */;
			compatibilityVersion = "Xcode 9.3";
			developmentRegion = en;
			hasScannedForEncodings = 0;
			knownRegions = (
				en,
				Base,
			);
			mainGroup = 37B5240E25B1F7E2007A7361;
			productRefGroup = 37B5241825B1F7E2007A7361 /* Products */;
			projectDirPath = "";
			projectRoot = "";
			targets = (
				37B5241625B1F7E2007A7361 /* Instagrid */,
			);
		};
/* End PBXProject section */

/* Begin PBXResourcesBuildPhase section */
		37B5241525B1F7E2007A7361 /* Resources */ = {
			isa = PBXResourcesBuildPhase;
			buildActionMask = 2147483647;
			files = (
				37B5242725B1F7E2007A7361 /* LaunchScreen.storyboard in Resources */,
				377F3D9525B2134F002AB351 /* Delm.otf in Resources */,
				37B5242425B1F7E2007A7361 /* Assets.xcassets in Resources */,
				37B5242225B1F7E2007A7361 /* Main.storyboard in Resources */,
				377F3D9825B21358002AB351 /* Thirsty.otf in Resources */,
			);
			runOnlyForDeploymentPostprocessing = 0;
		};
/* End PBXResourcesBuildPhase section */

/* Begin PBXSourcesBuildPhase section */
		37B5241325B1F7E2007A7361 /* Sources */ = {
			isa = PBXSourcesBuildPhase;
			buildActionMask = 2147483647;
			files = (
				37B5241F25B1F7E2007A7361 /* GridViewController.swift in Sources */,
				37B5241B25B1F7E2007A7361 /* AppDelegate.swift in Sources */,
				37B5241D25B1F7E2007A7361 /* SceneDelegate.swift in Sources */,
			);
			runOnlyForDeploymentPostprocessing = 0;
		};
/* End PBXSourcesBuildPhase section */

/* Begin PBXVariantGroup section */
		37B5242025B1F7E2007A7361 /* Main.storyboard */ = {
			isa = PBXVariantGroup;
			children = (
				37B5242125B1F7E2007A7361 /* Base */,
			);
			name = Main.storyboard;
			sourceTree = "<group>";
		};
		37B5242525B1F7E2007A7361 /* LaunchScreen.storyboard */ = {
			isa = PBXVariantGroup;
			children = (
				37B5242625B1F7E2007A7361 /* Base */,
			);
			name = LaunchScreen.storyboard;
			sourceTree = "<group>";
		};
/* End PBXVariantGroup section */

/* Begin XCBuildConfiguration section */
		37B5242925B1F7E2007A7361 /* Debug */ = {
			isa = XCBuildConfiguration;
			buildSettings = {
				ALWAYS_SEARCH_USER_PATHS = NO;
				CLANG_ANALYZER_NONNULL = YES;
				CLANG_ANALYZER_NUMBER_OBJECT_CONVERSION = YES_AGGRESSIVE;
				CLANG_CXX_LANGUAGE_STANDARD = "gnu++14";
				CLANG_CXX_LIBRARY = "libc++";
				CLANG_ENABLE_MODULES = YES;
				CLANG_ENABLE_OBJC_ARC = YES;
				CLANG_ENABLE_OBJC_WEAK = YES;
				CLANG_WARN_BLOCK_CAPTURE_AUTORELEASING = YES;
				CLANG_WARN_BOOL_CONVERSION = YES;
				CLANG_WARN_COMMA = YES;
				CLANG_WARN_CONSTANT_CONVERSION = YES;
				CLANG_WARN_DEPRECATED_OBJC_IMPLEMENTATIONS = YES;
				CLANG_WARN_DIRECT_OBJC_ISA_USAGE = YES_ERROR;
				CLANG_WARN_DOCUMENTATION_COMMENTS = YES;
				CLANG_WARN_EMPTY_BODY = YES;
				CLANG_WARN_ENUM_CONVERSION = YES;
				CLANG_WARN_INFINITE_RECURSION = YES;
				CLANG_WARN_INT_CONVERSION = YES;
				CLANG_WARN_NON_LITERAL_NULL_CONVERSION = YES;
				CLANG_WARN_OBJC_IMPLICIT_RETAIN_SELF = YES;
				CLANG_WARN_OBJC_LITERAL_CONVERSION = YES;
				CLANG_WARN_OBJC_ROOT_CLASS = YES_ERROR;
				CLANG_WARN_QUOTED_INCLUDE_IN_FRAMEWORK_HEADER = YES;
				CLANG_WARN_RANGE_LOOP_ANALYSIS = YES;
				CLANG_WARN_STRICT_PROTOTYPES = YES;
				CLANG_WARN_SUSPICIOUS_MOVE = YES;
				CLANG_WARN_UNGUARDED_AVAILABILITY = YES_AGGRESSIVE;
				CLANG_WARN_UNREACHABLE_CODE = YES;
				CLANG_WARN__DUPLICATE_METHOD_MATCH = YES;
				COPY_PHASE_STRIP = NO;
				DEBUG_INFORMATION_FORMAT = dwarf;
				ENABLE_STRICT_OBJC_MSGSEND = YES;
				ENABLE_TESTABILITY = YES;
				GCC_C_LANGUAGE_STANDARD = gnu11;
				GCC_DYNAMIC_NO_PIC = NO;
				GCC_NO_COMMON_BLOCKS = YES;
				GCC_OPTIMIZATION_LEVEL = 0;
				GCC_PREPROCESSOR_DEFINITIONS = (
					"DEBUG=1",
					"$(inherited)",
				);
				GCC_WARN_64_TO_32_BIT_CONVERSION = YES;
				GCC_WARN_ABOUT_RETURN_TYPE = YES_ERROR;
				GCC_WARN_UNDECLARED_SELECTOR = YES;
				GCC_WARN_UNINITIALIZED_AUTOS = YES_AGGRESSIVE;
				GCC_WARN_UNUSED_FUNCTION = YES;
				GCC_WARN_UNUSED_VARIABLE = YES;
				IPHONEOS_DEPLOYMENT_TARGET = 12.0;
				MTL_ENABLE_DEBUG_INFO = INCLUDE_SOURCE;
				MTL_FAST_MATH = YES;
				ONLY_ACTIVE_ARCH = YES;
				SDKROOT = iphoneos;
				SWIFT_ACTIVE_COMPILATION_CONDITIONS = DEBUG;
				SWIFT_OPTIMIZATION_LEVEL = "-Onone";
			};
			name = Debug;
		};
		37B5242A25B1F7E2007A7361 /* Release */ = {
			isa = XCBuildConfiguration;
			buildSettings = {
				ALWAYS_SEARCH_USER_PATHS = NO;
				CLANG_ANALYZER_NONNULL = YES;
				CLANG_ANALYZER_NUMBER_OBJECT_CONVERSION = YES_AGGRESSIVE;
				CLANG_CXX_LANGUAGE_STANDARD = "gnu++14";
				CLANG_CXX_LIBRARY = "libc++";
				CLANG_ENABLE_MODULES = YES;
				CLANG_ENABLE_OBJC_ARC = YES;
				CLANG_ENABLE_OBJC_WEAK = YES;
				CLANG_WARN_BLOCK_CAPTURE_AUTORELEASING = YES;
				CLANG_WARN_BOOL_CONVERSION = YES;
				CLANG_WARN_COMMA = YES;
				CLANG_WARN_CONSTANT_CONVERSION = YES;
				CLANG_WARN_DEPRECATED_OBJC_IMPLEMENTATIONS = YES;
				CLANG_WARN_DIRECT_OBJC_ISA_USAGE = YES_ERROR;
				CLANG_WARN_DOCUMENTATION_COMMENTS = YES;
				CLANG_WARN_EMPTY_BODY = YES;
				CLANG_WARN_ENUM_CONVERSION = YES;
				CLANG_WARN_INFINITE_RECURSION = YES;
				CLANG_WARN_INT_CONVERSION = YES;
				CLANG_WARN_NON_LITERAL_NULL_CONVERSION = YES;
				CLANG_WARN_OBJC_IMPLICIT_RETAIN_SELF = YES;
				CLANG_WARN_OBJC_LITERAL_CONVERSION = YES;
				CLANG_WARN_OBJC_ROOT_CLASS = YES_ERROR;
				CLANG_WARN_QUOTED_INCLUDE_IN_FRAMEWORK_HEADER = YES;
				CLANG_WARN_RANGE_LOOP_ANALYSIS = YES;
				CLANG_WARN_STRICT_PROTOTYPES = YES;
				CLANG_WARN_SUSPICIOUS_MOVE = YES;
				CLANG_WARN_UNGUARDED_AVAILABILITY = YES_AGGRESSIVE;
				CLANG_WARN_UNREACHABLE_CODE = YES;
				CLANG_WARN__DUPLICATE_METHOD_MATCH = YES;
				COPY_PHASE_STRIP = NO;
				DEBUG_INFORMATION_FORMAT = "dwarf-with-dsym";
				ENABLE_NS_ASSERTIONS = NO;
				ENABLE_STRICT_OBJC_MSGSEND = YES;
				GCC_C_LANGUAGE_STANDARD = gnu11;
				GCC_NO_COMMON_BLOCKS = YES;
				GCC_WARN_64_TO_32_BIT_CONVERSION = YES;
				GCC_WARN_ABOUT_RETURN_TYPE = YES_ERROR;
				GCC_WARN_UNDECLARED_SELECTOR = YES;
				GCC_WARN_UNINITIALIZED_AUTOS = YES_AGGRESSIVE;
				GCC_WARN_UNUSED_FUNCTION = YES;
				GCC_WARN_UNUSED_VARIABLE = YES;
				IPHONEOS_DEPLOYMENT_TARGET = 12.0;
				MTL_ENABLE_DEBUG_INFO = NO;
				MTL_FAST_MATH = YES;
				SDKROOT = iphoneos;
				SWIFT_COMPILATION_MODE = wholemodule;
				SWIFT_OPTIMIZATION_LEVEL = "-O";
				VALIDATE_PRODUCT = YES;
			};
			name = Release;
		};
		37B5242C25B1F7E2007A7361 /* Debug */ = {
			isa = XCBuildConfiguration;
			buildSettings = {
				ASSETCATALOG_COMPILER_APPICON_NAME = AppIcon;
				ASSETCATALOG_COMPILER_GLOBAL_ACCENT_COLOR_NAME = AccentColor;
				CODE_SIGN_STYLE = Automatic;
				DEVELOPMENT_TEAM = 78PX5NWF8H;
				INFOPLIST_FILE = Instagrid/Info.plist;
				IPHONEOS_DEPLOYMENT_TARGET = 14.3;
				LD_RUNPATH_SEARCH_PATHS = (
					"$(inherited)",
					"@executable_path/Frameworks",
				);
				PRODUCT_BUNDLE_IDENTIFIER = com.PayanMickael.Instagrid;
				PRODUCT_NAME = "$(TARGET_NAME)";
				SWIFT_VERSION = 5.0;
				TARGETED_DEVICE_FAMILY = 1;
			};
			name = Debug;
		};
		37B5242D25B1F7E2007A7361 /* Release */ = {
			isa = XCBuildConfiguration;
			buildSettings = {
				ASSETCATALOG_COMPILER_APPICON_NAME = AppIcon;
				ASSETCATALOG_COMPILER_GLOBAL_ACCENT_COLOR_NAME = AccentColor;
				CODE_SIGN_STYLE = Automatic;
				DEVELOPMENT_TEAM = 78PX5NWF8H;
				INFOPLIST_FILE = Instagrid/Info.plist;
				IPHONEOS_DEPLOYMENT_TARGET = 14.3;
				LD_RUNPATH_SEARCH_PATHS = (
					"$(inherited)",
					"@executable_path/Frameworks",
				);
				PRODUCT_BUNDLE_IDENTIFIER = com.PayanMickael.Instagrid;
				PRODUCT_NAME = "$(TARGET_NAME)";
				SWIFT_VERSION = 5.0;
				TARGETED_DEVICE_FAMILY = 1;
			};
			name = Release;
		};
/* End XCBuildConfiguration section */

/* Begin XCConfigurationList section */
		37B5241225B1F7E2007A7361 /* Build configuration list for PBXProject "Instagrid" */ = {
			isa = XCConfigurationList;
			buildConfigurations = (
				37B5242925B1F7E2007A7361 /* Debug */,
				37B5242A25B1F7E2007A7361 /* Release */,
			);
			defaultConfigurationIsVisible = 0;
			defaultConfigurationName = Release;
		};
		37B5242B25B1F7E2007A7361 /* Build configuration list for PBXNativeTarget "Instagrid" */ = {
			isa = XCConfigurationList;
			buildConfigurations = (
				37B5242C25B1F7E2007A7361 /* Debug */,
				37B5242D25B1F7E2007A7361 /* Release */,
			);
			defaultConfigurationIsVisible = 0;
			defaultConfigurationName = Release;
		};
/* End XCConfigurationList section */
	};
	rootObject = 37B5240F25B1F7E2007A7361 /* Project object */;
}
